
Microsoft Visual Studio Solution File, Format Version 12.00
# Visual Studio Version 17
VisualStudioVersion = 17.0.31903.59
MinimumVisualStudioVersion = 10.0.40219.1
Project("{FAE04EC0-301F-11D3-BF4B-00C04F79EFBC}") = "WhiteBear.Domain.UnitTests", "Domain.UnitTests\WhiteBear.Domain.UnitTests.csproj", "{3D1C1920-8B12-4DFC-A9F4-9C81F75C1149}"
EndProject
Project("{FAE04EC0-301F-11D3-BF4B-00C04F79EFBC}") = "WhiteBear.Domain", "..\src\Domain\WhiteBear.Domain.csproj", "{DC3CD733-BDE0-47D3-87DC-C81DC569573E}"
EndProject
Project("{FAE04EC0-301F-11D3-BF4B-00C04F79EFBC}") = "WhiteBear.Application.UnitTests", "Application.UnitTests\WhiteBear.Application.UnitTests.csproj", "{C0C5A52F-7D53-45EF-BF1A-D6D5B48A003E}"
EndProject
Project("{FAE04EC0-301F-11D3-BF4B-00C04F79EFBC}") = "WhiteBear.Application", "..\src\Application\WhiteBear.Application.csproj", "{E5FA9984-D149-4EF2-98BD-AA642B4DBFD5}"
EndProject
Project("{FAE04EC0-301F-11D3-BF4B-00C04F79EFBC}") = "WhiteBear.Infrastructure.UnitTests", "Infrastructure.UnitTests\WhiteBear.Infrastructure.UnitTests.csproj", "{DBA99CD2-2E75-4EDA-978B-A0BAB1B076E9}"
EndProject
Project("{FAE04EC0-301F-11D3-BF4B-00C04F79EFBC}") = "WhiteBear.Infrastructure", "..\src\Infrastructure\WhiteBear.Infrastructure.csproj", "{7CA461F2-C37C-415E-8E1A-28365F365C78}"
EndProject
Project("{FAE04EC0-301F-11D3-BF4B-00C04F79EFBC}") = "WhiteBear.WebApi.UnitTests", "WebApi.UnitTests\WhiteBear.WebApi.UnitTests.csproj", "{1FC0638C-5F68-4DF7-8D9C-CFEE12F974AE}"
EndProject
Project("{FAE04EC0-301F-11D3-BF4B-00C04F79EFBC}") = "WhiteBear.WebApi", "..\src\WebApi\WhiteBear.WebApi.csproj", "{780915DB-8D52-465B-B69F-1B46F9F4E8BD}"
EndProject
Global
	GlobalSection(SolutionConfigurationPlatforms) = preSolution
		Debug|Any CPU = Debug|Any CPU
		Release|Any CPU = Release|Any CPU
	EndGlobalSection
	GlobalSection(SolutionProperties) = preSolution
		HideSolutionNode = FALSE
	EndGlobalSection
	GlobalSection(ProjectConfigurationPlatforms) = postSolution
		{3D1C1920-8B12-4DFC-A9F4-9C81F75C1149}.Debug|Any CPU.ActiveCfg = Debug|Any CPU
		{3D1C1920-8B12-4DFC-A9F4-9C81F75C1149}.Debug|Any CPU.Build.0 = Debug|Any CPU
		{3D1C1920-8B12-4DFC-A9F4-9C81F75C1149}.Release|Any CPU.ActiveCfg = Release|Any CPU
		{3D1C1920-8B12-4DFC-A9F4-9C81F75C1149}.Release|Any CPU.Build.0 = Release|Any CPU
		{DC3CD733-BDE0-47D3-87DC-C81DC569573E}.Debug|Any CPU.ActiveCfg = Debug|Any CPU
		{DC3CD733-BDE0-47D3-87DC-C81DC569573E}.Debug|Any CPU.Build.0 = Debug|Any CPU
		{DC3CD733-BDE0-47D3-87DC-C81DC569573E}.Release|Any CPU.ActiveCfg = Release|Any CPU
		{DC3CD733-BDE0-47D3-87DC-C81DC569573E}.Release|Any CPU.Build.0 = Release|Any CPU
		{C0C5A52F-7D53-45EF-BF1A-D6D5B48A003E}.Debug|Any CPU.ActiveCfg = Debug|Any CPU
		{C0C5A52F-7D53-45EF-BF1A-D6D5B48A003E}.Debug|Any CPU.Build.0 = Debug|Any CPU
		{C0C5A52F-7D53-45EF-BF1A-D6D5B48A003E}.Release|Any CPU.ActiveCfg = Release|Any CPU
		{C0C5A52F-7D53-45EF-BF1A-D6D5B48A003E}.Release|Any CPU.Build.0 = Release|Any CPU
		{E5FA9984-D149-4EF2-98BD-AA642B4DBFD5}.Debug|Any CPU.ActiveCfg = Debug|Any CPU
		{E5FA9984-D149-4EF2-98BD-AA642B4DBFD5}.Debug|Any CPU.Build.0 = Debug|Any CPU
		{E5FA9984-D149-4EF2-98BD-AA642B4DBFD5}.Release|Any CPU.ActiveCfg = Release|Any CPU
		{E5FA9984-D149-4EF2-98BD-AA642B4DBFD5}.Release|Any CPU.Build.0 = Release|Any CPU
		{DBA99CD2-2E75-4EDA-978B-A0BAB1B076E9}.Debug|Any CPU.ActiveCfg = Debug|Any CPU
		{DBA99CD2-2E75-4EDA-978B-A0BAB1B076E9}.Debug|Any CPU.Build.0 = Debug|Any CPU
		{DBA99CD2-2E75-4EDA-978B-A0BAB1B076E9}.Release|Any CPU.ActiveCfg = Release|Any CPU
		{DBA99CD2-2E75-4EDA-978B-A0BAB1B076E9}.Release|Any CPU.Build.0 = Release|Any CPU
		{7CA461F2-C37C-415E-8E1A-28365F365C78}.Debug|Any CPU.ActiveCfg = Debug|Any CPU
		{7CA461F2-C37C-415E-8E1A-28365F365C78}.Debug|Any CPU.Build.0 = Debug|Any CPU
		{7CA461F2-C37C-415E-8E1A-28365F365C78}.Release|Any CPU.ActiveCfg = Release|Any CPU
		{7CA461F2-C37C-415E-8E1A-28365F365C78}.Release|Any CPU.Build.0 = Release|Any CPU
		{1FC0638C-5F68-4DF7-8D9C-CFEE12F974AE}.Debug|Any CPU.ActiveCfg = Debug|Any CPU
		{1FC0638C-5F68-4DF7-8D9C-CFEE12F974AE}.Debug|Any CPU.Build.0 = Debug|Any CPU
		{1FC0638C-5F68-4DF7-8D9C-CFEE12F974AE}.Release|Any CPU.ActiveCfg = Release|Any CPU
		{1FC0638C-5F68-4DF7-8D9C-CFEE12F974AE}.Release|Any CPU.Build.0 = Release|Any CPU
		{780915DB-8D52-465B-B69F-1B46F9F4E8BD}.Debug|Any CPU.ActiveCfg = Debug|Any CPU
		{780915DB-8D52-465B-B69F-1B46F9F4E8BD}.Debug|Any CPU.Build.0 = Debug|Any CPU
		{780915DB-8D52-465B-B69F-1B46F9F4E8BD}.Release|Any CPU.ActiveCfg = Release|Any CPU
		{780915DB-8D52-465B-B69F-1B46F9F4E8BD}.Release|Any CPU.Build.0 = Release|Any CPU
	EndGlobalSection
EndGlobal
